
Microsoft Visual Studio Solution File, Format Version 12.00
# Visual Studio Version 16
VisualStudioVersion = 16.0.33214.272
MinimumVisualStudioVersion = 10.0.40219.1
Project("{FAE04EC0-301F-11D3-BF4B-00C04F79EFBC}") = "ShapeWF", "ShapeWF\ShapeWF.csproj", "{7B352A04-E4CE-43CC-9496-D84874CD62A9}"
EndProject
Global
	GlobalSection(SolutionConfigurationPlatforms) = preSolution
		Debug|Any CPU = Debug|Any CPU
		Release|Any CPU = Release|Any CPU
	EndGlobalSection
	GlobalSection(ProjectConfigurationPlatforms) = postSolution
		{7B352A04-E4CE-43CC-9496-D84874CD62A9}.Debug|Any CPU.ActiveCfg = Debug|Any CPU
		{7B352A04-E4CE-43CC-9496-D84874CD62A9}.Debug|Any CPU.Build.0 = Debug|Any CPU
		{7B352A04-E4CE-43CC-9496-D84874CD62A9}.Release|Any CPU.ActiveCfg = Release|Any CPU
		{7B352A04-E4CE-43CC-9496-D84874CD62A9}.Release|Any CPU.Build.0 = Release|Any CPU
	EndGlobalSection
	GlobalSection(SolutionProperties) = preSolution
		HideSolutionNode = FALSE
	EndGlobalSection
	GlobalSection(ExtensibilityGlobals) = postSolution
		SolutionGuid = {6C2D74A3-CDCF-4610-A47C-02FCE52DA92F}
	EndGlobalSection
EndGlobal
